
Microsoft Visual Studio Solution File, Format Version 12.00
# Visual Studio 14
VisualStudioVersion = 14.0.25420.1
MinimumVisualStudioVersion = 10.0.40219.1
Project("{FAE04EC0-301F-11D3-BF4B-00C04F79EFBC}") = "AsciiUml", "AsciiUml\AsciiUml.csproj", "{CCA515E2-1522-49EB-8613-C140E4444DA9}"
EndProject
Project("{FAE04EC0-301F-11D3-BF4B-00C04F79EFBC}") = "Tests", "ClassLibrary1\Tests.csproj", "{6D604CD3-18E6-456D-8AEA-86433743C6BD}"
	ProjectSection(ProjectDependencies) = postProject
		{CCA515E2-1522-49EB-8613-C140E4444DA9} = {CCA515E2-1522-49EB-8613-C140E4444DA9}
	EndProjectSection
EndProject
Project("{F2A71F9B-5D33-465A-A702-920D77279786}") = "AsciiUmlF", "AsciiUmlF\AsciiUmlF.fsproj", "{5FC87549-6C38-41C4-8155-2E11637DF36E}"
EndProject
Project("{F2A71F9B-5D33-465A-A702-920D77279786}") = "AsciiUmlF2", "AsciiUmlF2\AsciiUmlF2.fsproj", "{73DC1A4E-5772-4660-BB59-6443516C6BFB}"
EndProject
Global
	GlobalSection(SolutionConfigurationPlatforms) = preSolution
		Debug|Any CPU = Debug|Any CPU
		Release|Any CPU = Release|Any CPU
	EndGlobalSection
	GlobalSection(ProjectConfigurationPlatforms) = postSolution
		{CCA515E2-1522-49EB-8613-C140E4444DA9}.Debug|Any CPU.ActiveCfg = Debug|Any CPU
		{CCA515E2-1522-49EB-8613-C140E4444DA9}.Debug|Any CPU.Build.0 = Debug|Any CPU
		{CCA515E2-1522-49EB-8613-C140E4444DA9}.Release|Any CPU.ActiveCfg = Release|Any CPU
		{CCA515E2-1522-49EB-8613-C140E4444DA9}.Release|Any CPU.Build.0 = Release|Any CPU
		{6D604CD3-18E6-456D-8AEA-86433743C6BD}.Debug|Any CPU.ActiveCfg = Debug|Any CPU
		{6D604CD3-18E6-456D-8AEA-86433743C6BD}.Debug|Any CPU.Build.0 = Debug|Any CPU
		{6D604CD3-18E6-456D-8AEA-86433743C6BD}.Release|Any CPU.ActiveCfg = Release|Any CPU
		{6D604CD3-18E6-456D-8AEA-86433743C6BD}.Release|Any CPU.Build.0 = Release|Any CPU
		{5FC87549-6C38-41C4-8155-2E11637DF36E}.Debug|Any CPU.ActiveCfg = Debug|Any CPU
		{5FC87549-6C38-41C4-8155-2E11637DF36E}.Debug|Any CPU.Build.0 = Debug|Any CPU
		{5FC87549-6C38-41C4-8155-2E11637DF36E}.Release|Any CPU.ActiveCfg = Release|Any CPU
		{5FC87549-6C38-41C4-8155-2E11637DF36E}.Release|Any CPU.Build.0 = Release|Any CPU
		{73DC1A4E-5772-4660-BB59-6443516C6BFB}.Debug|Any CPU.ActiveCfg = Debug|Any CPU
		{73DC1A4E-5772-4660-BB59-6443516C6BFB}.Debug|Any CPU.Build.0 = Debug|Any CPU
		{73DC1A4E-5772-4660-BB59-6443516C6BFB}.Release|Any CPU.ActiveCfg = Release|Any CPU
		{73DC1A4E-5772-4660-BB59-6443516C6BFB}.Release|Any CPU.Build.0 = Release|Any CPU
	EndGlobalSection
	GlobalSection(SolutionProperties) = preSolution
		HideSolutionNode = FALSE
	EndGlobalSection
EndGlobal
